
Microsoft Visual Studio Solution File, Format Version 11.00
# Visual Studio 2010
Project("{FAE04EC0-301F-11D3-BF4B-00C04F79EFBC}") = "Coverage", "Coverage\Coverage.csproj", "{6C574A19-5A67-485D-84B1-5569BEB1601A}"
EndProject
Project("{FAE04EC0-301F-11D3-BF4B-00C04F79EFBC}") = "Coverage.Counter", "Coverage.Counter\Coverage.Counter.csproj", "{06AADE13-67EB-451C-844B-95ACAE94068C}"
EndProject
Global
	GlobalSection(SolutionConfigurationPlatforms) = preSolution
		Debug|Any CPU = Debug|Any CPU
		Debug|Mixed Platforms = Debug|Mixed Platforms
		Debug|x64 = Debug|x64
		Debug|x86 = Debug|x86
		Release|Any CPU = Release|Any CPU
		Release|Mixed Platforms = Release|Mixed Platforms
		Release|x64 = Release|x64
		Release|x86 = Release|x86
	EndGlobalSection
	GlobalSection(ProjectConfigurationPlatforms) = postSolution
		{6C574A19-5A67-485D-84B1-5569BEB1601A}.Debug|Any CPU.ActiveCfg = Debug|Any CPU
		{6C574A19-5A67-485D-84B1-5569BEB1601A}.Debug|Any CPU.Build.0 = Debug|Any CPU
		{6C574A19-5A67-485D-84B1-5569BEB1601A}.Debug|Mixed Platforms.ActiveCfg = Debug|Any CPU
		{6C574A19-5A67-485D-84B1-5569BEB1601A}.Debug|Mixed Platforms.Build.0 = Debug|Any CPU
		{6C574A19-5A67-485D-84B1-5569BEB1601A}.Debug|x64.ActiveCfg = Debug|x64
		{6C574A19-5A67-485D-84B1-5569BEB1601A}.Debug|x64.Build.0 = Debug|x64
		{6C574A19-5A67-485D-84B1-5569BEB1601A}.Debug|x86.ActiveCfg = Debug|Any CPU
		{6C574A19-5A67-485D-84B1-5569BEB1601A}.Release|Any CPU.ActiveCfg = Release|Any CPU
		{6C574A19-5A67-485D-84B1-5569BEB1601A}.Release|Any CPU.Build.0 = Release|Any CPU
		{6C574A19-5A67-485D-84B1-5569BEB1601A}.Release|Mixed Platforms.ActiveCfg = Release|Any CPU
		{6C574A19-5A67-485D-84B1-5569BEB1601A}.Release|Mixed Platforms.Build.0 = Release|Any CPU
		{6C574A19-5A67-485D-84B1-5569BEB1601A}.Release|x64.ActiveCfg = Release|x64
		{6C574A19-5A67-485D-84B1-5569BEB1601A}.Release|x64.Build.0 = Release|x64
		{6C574A19-5A67-485D-84B1-5569BEB1601A}.Release|x86.ActiveCfg = Release|Any CPU
		{06AADE13-67EB-451C-844B-95ACAE94068C}.Debug|Any CPU.ActiveCfg = Debug|Any CPU
		{06AADE13-67EB-451C-844B-95ACAE94068C}.Debug|Any CPU.Build.0 = Debug|Any CPU
		{06AADE13-67EB-451C-844B-95ACAE94068C}.Debug|Mixed Platforms.ActiveCfg = Debug|Any CPU
		{06AADE13-67EB-451C-844B-95ACAE94068C}.Debug|Mixed Platforms.Build.0 = Debug|Any CPU
		{06AADE13-67EB-451C-844B-95ACAE94068C}.Debug|x64.ActiveCfg = Debug|x64
		{06AADE13-67EB-451C-844B-95ACAE94068C}.Debug|x64.Build.0 = Debug|x64
		{06AADE13-67EB-451C-844B-95ACAE94068C}.Debug|x86.ActiveCfg = Debug|Any CPU
		{06AADE13-67EB-451C-844B-95ACAE94068C}.Release|Any CPU.ActiveCfg = Release|Any CPU
		{06AADE13-67EB-451C-844B-95ACAE94068C}.Release|Any CPU.Build.0 = Release|Any CPU
		{06AADE13-67EB-451C-844B-95ACAE94068C}.Release|Mixed Platforms.ActiveCfg = Release|Any CPU
		{06AADE13-67EB-451C-844B-95ACAE94068C}.Release|Mixed Platforms.Build.0 = Release|Any CPU
		{06AADE13-67EB-451C-844B-95ACAE94068C}.Release|x64.ActiveCfg = Release|x64
		{06AADE13-67EB-451C-844B-95ACAE94068C}.Release|x64.Build.0 = Release|x64
		{06AADE13-67EB-451C-844B-95ACAE94068C}.Release|x86.ActiveCfg = Release|Any CPU
	EndGlobalSection
	GlobalSection(SolutionProperties) = preSolution
		HideSolutionNode = FALSE
	EndGlobalSection
EndGlobal
